
Microsoft Visual Studio Solution File, Format Version 12.00
# Visual Studio 15
VisualStudioVersion = 15.0.28307.271
MinimumVisualStudioVersion = 10.0.40219.1
Project("{FAE04EC0-301F-11D3-BF4B-00C04F79EFBC}") = "8_Fibonacci", "8_Fibonacci\8_Fibonacci.csproj", "{09DEFDDC-FE18-4D38-A260-24FD470346B9}"
EndProject
Global
	GlobalSection(SolutionConfigurationPlatforms) = preSolution
		Debug|Any CPU = Debug|Any CPU
		Release|Any CPU = Release|Any CPU
	EndGlobalSection
	GlobalSection(ProjectConfigurationPlatforms) = postSolution
		{09DEFDDC-FE18-4D38-A260-24FD470346B9}.Debug|Any CPU.ActiveCfg = Debug|Any CPU
		{09DEFDDC-FE18-4D38-A260-24FD470346B9}.Debug|Any CPU.Build.0 = Debug|Any CPU
		{09DEFDDC-FE18-4D38-A260-24FD470346B9}.Release|Any CPU.ActiveCfg = Release|Any CPU
		{09DEFDDC-FE18-4D38-A260-24FD470346B9}.Release|Any CPU.Build.0 = Release|Any CPU
	EndGlobalSection
	GlobalSection(SolutionProperties) = preSolution
		HideSolutionNode = FALSE
	EndGlobalSection
	GlobalSection(ExtensibilityGlobals) = postSolution
		SolutionGuid = {150F9F20-31E1-4ED8-AE61-279AAF4FAE24}
	EndGlobalSection
EndGlobal
