
Microsoft Visual Studio Solution File, Format Version 12.00
# Visual Studio 15
VisualStudioVersion = 15.0.28307.271
MinimumVisualStudioVersion = 10.0.40219.1
Project("{FAE04EC0-301F-11D3-BF4B-00C04F79EFBC}") = "7_NumberRow", "7_NumberRow\7_NumberRow.csproj", "{2261D158-C87D-48C6-9B32-570C759701BC}"
EndProject
Global
	GlobalSection(SolutionConfigurationPlatforms) = preSolution
		Debug|Any CPU = Debug|Any CPU
		Release|Any CPU = Release|Any CPU
	EndGlobalSection
	GlobalSection(ProjectConfigurationPlatforms) = postSolution
		{2261D158-C87D-48C6-9B32-570C759701BC}.Debug|Any CPU.ActiveCfg = Debug|Any CPU
		{2261D158-C87D-48C6-9B32-570C759701BC}.Debug|Any CPU.Build.0 = Debug|Any CPU
		{2261D158-C87D-48C6-9B32-570C759701BC}.Release|Any CPU.ActiveCfg = Release|Any CPU
		{2261D158-C87D-48C6-9B32-570C759701BC}.Release|Any CPU.Build.0 = Release|Any CPU
	EndGlobalSection
	GlobalSection(SolutionProperties) = preSolution
		HideSolutionNode = FALSE
	EndGlobalSection
	GlobalSection(ExtensibilityGlobals) = postSolution
		SolutionGuid = {BAB618A3-723D-48A7-812C-F86340FFF09D}
	EndGlobalSection
EndGlobal
